
Microsoft Visual Studio Solution File, Format Version 12.00
# Visual Studio Version 17
VisualStudioVersion = 17.1.32328.378
MinimumVisualStudioVersion = 10.0.40219.1
Project("{FAE04EC0-301F-11D3-BF4B-00C04F79EFBC}") = "BusinessLayer", "BusinessLayer\BusinessLayer.csproj", "{F0C7E2F7-5BDD-48AD-975D-0F359A5D812C}"
EndProject
Project("{FAE04EC0-301F-11D3-BF4B-00C04F79EFBC}") = "DataLayer", "DataLayer\DataLayer.csproj", "{E5C424A6-A4B9-4C17-B30A-FE30C20539A5}"
EndProject
Project("{FAE04EC0-301F-11D3-BF4B-00C04F79EFBC}") = "TestingLayer", "TestingLayer\TestingLayer.csproj", "{F8BFC0CD-8473-4444-AB5C-00B8C28933B8}"
EndProject
Global
	GlobalSection(SolutionConfigurationPlatforms) = preSolution
		Debug|Any CPU = Debug|Any CPU
		Release|Any CPU = Release|Any CPU
	EndGlobalSection
	GlobalSection(ProjectConfigurationPlatforms) = postSolution
		{F0C7E2F7-5BDD-48AD-975D-0F359A5D812C}.Debug|Any CPU.ActiveCfg = Debug|Any CPU
		{F0C7E2F7-5BDD-48AD-975D-0F359A5D812C}.Debug|Any CPU.Build.0 = Debug|Any CPU
		{F0C7E2F7-5BDD-48AD-975D-0F359A5D812C}.Release|Any CPU.ActiveCfg = Release|Any CPU
		{F0C7E2F7-5BDD-48AD-975D-0F359A5D812C}.Release|Any CPU.Build.0 = Release|Any CPU
		{E5C424A6-A4B9-4C17-B30A-FE30C20539A5}.Debug|Any CPU.ActiveCfg = Debug|Any CPU
		{E5C424A6-A4B9-4C17-B30A-FE30C20539A5}.Debug|Any CPU.Build.0 = Debug|Any CPU
		{E5C424A6-A4B9-4C17-B30A-FE30C20539A5}.Release|Any CPU.ActiveCfg = Release|Any CPU
		{E5C424A6-A4B9-4C17-B30A-FE30C20539A5}.Release|Any CPU.Build.0 = Release|Any CPU
		{F8BFC0CD-8473-4444-AB5C-00B8C28933B8}.Debug|Any CPU.ActiveCfg = Debug|Any CPU
		{F8BFC0CD-8473-4444-AB5C-00B8C28933B8}.Debug|Any CPU.Build.0 = Debug|Any CPU
		{F8BFC0CD-8473-4444-AB5C-00B8C28933B8}.Release|Any CPU.ActiveCfg = Release|Any CPU
		{F8BFC0CD-8473-4444-AB5C-00B8C28933B8}.Release|Any CPU.Build.0 = Release|Any CPU
	EndGlobalSection
	GlobalSection(SolutionProperties) = preSolution
		HideSolutionNode = FALSE
	EndGlobalSection
	GlobalSection(ExtensibilityGlobals) = postSolution
		SolutionGuid = {95DFDC38-5F09-456C-8CBF-EDA8A7B3B2EA}
	EndGlobalSection
EndGlobal
